// !$*UTF8*$!
{
	archiveVersion = 1;
	classes = {
	};
	objectVersion = 50;
	objects = {

/* Begin PBXBuildFile section */
		9D7F9D1525B641F400A43ED5 /* main.swift in Sources */ = {isa = PBXBuildFile; fileRef = 9D7F9D1425B641F400A43ED5 /* main.swift */; };
		9D7F9D3025B6493B00A43ED5 /* main.swift in Sources */ = {isa = PBXBuildFile; fileRef = 9D7F9D1425B641F400A43ED5 /* main.swift */; };
		9DF8803025B6535400896BF6 /* money_hungry_tests.swift in Sources */ = {isa = PBXBuildFile; fileRef = 9D7F9D2225B646CE00A43ED5 /* money_hungry_tests.swift */; };
/* End PBXBuildFile section */

/* Begin PBXCopyFilesBuildPhase section */
		9D7F9D0F25B641F400A43ED5 /* CopyFiles */ = {
			isa = PBXCopyFilesBuildPhase;
			buildActionMask = 2147483647;
			dstPath = /usr/share/man/man1/;
			dstSubfolderSpec = 0;
			files = (
			);
			runOnlyForDeploymentPostprocessing = 1;
		};
/* End PBXCopyFilesBuildPhase section */

/* Begin PBXFileReference section */
		9D7F9D1125B641F400A43ED5 /* money-hungry */ = {isa = PBXFileReference; explicitFileType = "compiled.mach-o.executable"; includeInIndex = 0; path = "money-hungry"; sourceTree = BUILT_PRODUCTS_DIR; };
		9D7F9D1425B641F400A43ED5 /* main.swift */ = {isa = PBXFileReference; lastKnownFileType = sourcecode.swift; path = main.swift; sourceTree = "<group>"; };
		9D7F9D2025B646CE00A43ED5 /* money-hungry-tests.xctest */ = {isa = PBXFileReference; explicitFileType = wrapper.cfbundle; includeInIndex = 0; path = "money-hungry-tests.xctest"; sourceTree = BUILT_PRODUCTS_DIR; };
		9D7F9D2225B646CE00A43ED5 /* money_hungry_tests.swift */ = {isa = PBXFileReference; lastKnownFileType = sourcecode.swift; path = money_hungry_tests.swift; sourceTree = "<group>"; };
		9D7F9D2425B646CE00A43ED5 /* Info.plist */ = {isa = PBXFileReference; lastKnownFileType = text.plist.xml; path = Info.plist; sourceTree = "<group>"; };
/* End PBXFileReference section */

/* Begin PBXFrameworksBuildPhase section */
		9D7F9D0E25B641F400A43ED5 /* Frameworks */ = {
			isa = PBXFrameworksBuildPhase;
			buildActionMask = 2147483647;
			files = (
			);
			runOnlyForDeploymentPostprocessing = 0;
		};
		9D7F9D1D25B646CE00A43ED5 /* Frameworks */ = {
			isa = PBXFrameworksBuildPhase;
			buildActionMask = 2147483647;
			files = (
			);
			runOnlyForDeploymentPostprocessing = 0;
		};
/* End PBXFrameworksBuildPhase section */

/* Begin PBXGroup section */
		9D7F9D0825B641F400A43ED5 = {
			isa = PBXGroup;
			children = (
				9D7F9D1325B641F400A43ED5 /* app */,
				9D7F9D2125B646CE00A43ED5 /* tests */,
				9D7F9D1225B641F400A43ED5 /* Products */,
			);
			sourceTree = "<group>";
		};
		9D7F9D1225B641F400A43ED5 /* Products */ = {
			isa = PBXGroup;
			children = (
				9D7F9D1125B641F400A43ED5 /* money-hungry */,
				9D7F9D2025B646CE00A43ED5 /* money-hungry-tests.xctest */,
			);
			name = Products;
			sourceTree = "<group>";
		};
		9D7F9D1325B641F400A43ED5 /* app */ = {
			isa = PBXGroup;
			children = (
				9D7F9D1425B641F400A43ED5 /* main.swift */,
			);
			path = app;
			sourceTree = "<group>";
		};
		9D7F9D2125B646CE00A43ED5 /* tests */ = {
			isa = PBXGroup;
			children = (
				9D7F9D2225B646CE00A43ED5 /* money_hungry_tests.swift */,
				9D7F9D2425B646CE00A43ED5 /* Info.plist */,
			);
			path = tests;
			sourceTree = "<group>";
		};
/* End PBXGroup section */

/* Begin PBXNativeTarget section */
		9D7F9D1025B641F400A43ED5 /* money-hungry */ = {
			isa = PBXNativeTarget;
			buildConfigurationList = 9D7F9D1825B641F400A43ED5 /* Build configuration list for PBXNativeTarget "money-hungry" */;
			buildPhases = (
				9D7F9D0D25B641F400A43ED5 /* Sources */,
				9D7F9D0E25B641F400A43ED5 /* Frameworks */,
				9D7F9D0F25B641F400A43ED5 /* CopyFiles */,
			);
			buildRules = (
			);
			dependencies = (
			);
			name = "money-hungry";
			productName = "money-hungry";
			productReference = 9D7F9D1125B641F400A43ED5 /* money-hungry */;
			productType = "com.apple.product-type.tool";
		};
		9D7F9D1F25B646CE00A43ED5 /* money-hungry-tests */ = {
			isa = PBXNativeTarget;
			buildConfigurationList = 9D7F9D2525B646CE00A43ED5 /* Build configuration list for PBXNativeTarget "money-hungry-tests" */;
			buildPhases = (
				9D7F9D1C25B646CE00A43ED5 /* Sources */,
				9D7F9D1D25B646CE00A43ED5 /* Frameworks */,
				9D7F9D1E25B646CE00A43ED5 /* Resources */,
			);
			buildRules = (
			);
			dependencies = (
			);
			name = "money-hungry-tests";
			productName = "money-hungry-tests";
			productReference = 9D7F9D2025B646CE00A43ED5 /* money-hungry-tests.xctest */;
			productType = "com.apple.product-type.bundle.unit-test";
		};
/* End PBXNativeTarget section */

/* Begin PBXProject section */
		9D7F9D0925B641F400A43ED5 /* Project object */ = {
			isa = PBXProject;
			attributes = {
				LastSwiftUpdateCheck = 1230;
				LastUpgradeCheck = 1230;
				TargetAttributes = {
					9D7F9D1025B641F400A43ED5 = {
						CreatedOnToolsVersion = 12.3;
					};
					9D7F9D1F25B646CE00A43ED5 = {
						CreatedOnToolsVersion = 12.3;
					};
				};
			};
			buildConfigurationList = 9D7F9D0C25B641F400A43ED5 /* Build configuration list for PBXProject "money-hungry" */;
			compatibilityVersion = "Xcode 9.3";
			developmentRegion = en;
			hasScannedForEncodings = 0;
			knownRegions = (
				en,
				Base,
			);
			mainGroup = 9D7F9D0825B641F400A43ED5;
			productRefGroup = 9D7F9D1225B641F400A43ED5 /* Products */;
			projectDirPath = "";
			projectRoot = "";
			targets = (
				9D7F9D1025B641F400A43ED5 /* money-hungry */,
				9D7F9D1F25B646CE00A43ED5 /* money-hungry-tests */,
			);
		};
/* End PBXProject section */

/* Begin PBXResourcesBuildPhase section */
		9D7F9D1E25B646CE00A43ED5 /* Resources */ = {
			isa = PBXResourcesBuildPhase;
			buildActionMask = 2147483647;
			files = (
			);
			runOnlyForDeploymentPostprocessing = 0;
		};
/* End PBXResourcesBuildPhase section */

/* Begin PBXSourcesBuildPhase section */
		9D7F9D0D25B641F400A43ED5 /* Sources */ = {
			isa = PBXSourcesBuildPhase;
			buildActionMask = 2147483647;
			files = (
				9D7F9D1525B641F400A43ED5 /* main.swift in Sources */,
			);
			runOnlyForDeploymentPostprocessing = 0;
		};
		9D7F9D1C25B646CE00A43ED5 /* Sources */ = {
			isa = PBXSourcesBuildPhase;
			buildActionMask = 2147483647;
			files = (
				9D7F9D3025B6493B00A43ED5 /* main.swift in Sources */,
				9DF8803025B6535400896BF6 /* money_hungry_tests.swift in Sources */,
			);
			runOnlyForDeploymentPostprocessing = 0;
		};
/* End PBXSourcesBuildPhase section */

/* Begin XCBuildConfiguration section */
		9D7F9D1625B641F400A43ED5 /* Debug */ = {
			isa = XCBuildConfiguration;
			buildSettings = {
				ALWAYS_SEARCH_USER_PATHS = NO;
				CLANG_ANALYZER_NONNULL = YES;
				CLANG_ANALYZER_NUMBER_OBJECT_CONVERSION = YES_AGGRESSIVE;
				CLANG_CXX_LANGUAGE_STANDARD = "gnu++14";
				CLANG_CXX_LIBRARY = "libc++";
				CLANG_ENABLE_MODULES = YES;
				CLANG_ENABLE_OBJC_ARC = YES;
				CLANG_ENABLE_OBJC_WEAK = YES;
				CLANG_WARN_BLOCK_CAPTURE_AUTORELEASING = YES;
				CLANG_WARN_BOOL_CONVERSION = YES;
				CLANG_WARN_COMMA = YES;
				CLANG_WARN_CONSTANT_CONVERSION = YES;
				CLANG_WARN_DEPRECATED_OBJC_IMPLEMENTATIONS = YES;
				CLANG_WARN_DIRECT_OBJC_ISA_USAGE = YES_ERROR;
				CLANG_WARN_DOCUMENTATION_COMMENTS = YES;
				CLANG_WARN_EMPTY_BODY = YES;
				CLANG_WARN_ENUM_CONVERSION = YES;
				CLANG_WARN_INFINITE_RECURSION = YES;
				CLANG_WARN_INT_CONVERSION = YES;
				CLANG_WARN_NON_LITERAL_NULL_CONVERSION = YES;
				CLANG_WARN_OBJC_IMPLICIT_RETAIN_SELF = YES;
				CLANG_WARN_OBJC_LITERAL_CONVERSION = YES;
				CLANG_WARN_OBJC_ROOT_CLASS = YES_ERROR;
				CLANG_WARN_QUOTED_INCLUDE_IN_FRAMEWORK_HEADER = YES;
				CLANG_WARN_RANGE_LOOP_ANALYSIS = YES;
				CLANG_WARN_STRICT_PROTOTYPES = YES;
				CLANG_WARN_SUSPICIOUS_MOVE = YES;
				CLANG_WARN_UNGUARDED_AVAILABILITY = YES_AGGRESSIVE;
				CLANG_WARN_UNREACHABLE_CODE = YES;
				CLANG_WARN__DUPLICATE_METHOD_MATCH = YES;
				COPY_PHASE_STRIP = NO;
				DEBUG_INFORMATION_FORMAT = dwarf;
				ENABLE_STRICT_OBJC_MSGSEND = YES;
				ENABLE_TESTABILITY = YES;
				GCC_C_LANGUAGE_STANDARD = gnu11;
				GCC_DYNAMIC_NO_PIC = NO;
				GCC_NO_COMMON_BLOCKS = YES;
				GCC_OPTIMIZATION_LEVEL = 0;
				GCC_PREPROCESSOR_DEFINITIONS = (
					"DEBUG=1",
					"$(inherited)",
				);
				GCC_WARN_64_TO_32_BIT_CONVERSION = YES;
				GCC_WARN_ABOUT_RETURN_TYPE = YES_ERROR;
				GCC_WARN_UNDECLARED_SELECTOR = YES;
				GCC_WARN_UNINITIALIZED_AUTOS = YES_AGGRESSIVE;
				GCC_WARN_UNUSED_FUNCTION = YES;
				GCC_WARN_UNUSED_VARIABLE = YES;
				MACOSX_DEPLOYMENT_TARGET = 11.1;
				MTL_ENABLE_DEBUG_INFO = INCLUDE_SOURCE;
				MTL_FAST_MATH = YES;
				ONLY_ACTIVE_ARCH = YES;
				SDKROOT = macosx;
				SWIFT_ACTIVE_COMPILATION_CONDITIONS = DEBUG;
				SWIFT_OPTIMIZATION_LEVEL = "-Onone";
			};
			name = Debug;
		};
		9D7F9D1725B641F400A43ED5 /* Release */ = {
			isa = XCBuildConfiguration;
			buildSettings = {
				ALWAYS_SEARCH_USER_PATHS = NO;
				CLANG_ANALYZER_NONNULL = YES;
				CLANG_ANALYZER_NUMBER_OBJECT_CONVERSION = YES_AGGRESSIVE;
				CLANG_CXX_LANGUAGE_STANDARD = "gnu++14";
				CLANG_CXX_LIBRARY = "libc++";
				CLANG_ENABLE_MODULES = YES;
				CLANG_ENABLE_OBJC_ARC = YES;
				CLANG_ENABLE_OBJC_WEAK = YES;
				CLANG_WARN_BLOCK_CAPTURE_AUTORELEASING = YES;
				CLANG_WARN_BOOL_CONVERSION = YES;
				CLANG_WARN_COMMA = YES;
				CLANG_WARN_CONSTANT_CONVERSION = YES;
				CLANG_WARN_DEPRECATED_OBJC_IMPLEMENTATIONS = YES;
				CLANG_WARN_DIRECT_OBJC_ISA_USAGE = YES_ERROR;
				CLANG_WARN_DOCUMENTATION_COMMENTS = YES;
				CLANG_WARN_EMPTY_BODY = YES;
				CLANG_WARN_ENUM_CONVERSION = YES;
				CLANG_WARN_INFINITE_RECURSION = YES;
				CLANG_WARN_INT_CONVERSION = YES;
				CLANG_WARN_NON_LITERAL_NULL_CONVERSION = YES;
				CLANG_WARN_OBJC_IMPLICIT_RETAIN_SELF = YES;
				CLANG_WARN_OBJC_LITERAL_CONVERSION = YES;
				CLANG_WARN_OBJC_ROOT_CLASS = YES_ERROR;
				CLANG_WARN_QUOTED_INCLUDE_IN_FRAMEWORK_HEADER = YES;
				CLANG_WARN_RANGE_LOOP_ANALYSIS = YES;
				CLANG_WARN_STRICT_PROTOTYPES = YES;
				CLANG_WARN_SUSPICIOUS_MOVE = YES;
				CLANG_WARN_UNGUARDED_AVAILABILITY = YES_AGGRESSIVE;
				CLANG_WARN_UNREACHABLE_CODE = YES;
				CLANG_WARN__DUPLICATE_METHOD_MATCH = YES;
				COPY_PHASE_STRIP = NO;
				DEBUG_INFORMATION_FORMAT = "dwarf-with-dsym";
				ENABLE_NS_ASSERTIONS = NO;
				ENABLE_STRICT_OBJC_MSGSEND = YES;
				GCC_C_LANGUAGE_STANDARD = gnu11;
				GCC_NO_COMMON_BLOCKS = YES;
				GCC_WARN_64_TO_32_BIT_CONVERSION = YES;
				GCC_WARN_ABOUT_RETURN_TYPE = YES_ERROR;
				GCC_WARN_UNDECLARED_SELECTOR = YES;
				GCC_WARN_UNINITIALIZED_AUTOS = YES_AGGRESSIVE;
				GCC_WARN_UNUSED_FUNCTION = YES;
				GCC_WARN_UNUSED_VARIABLE = YES;
				MACOSX_DEPLOYMENT_TARGET = 11.1;
				MTL_ENABLE_DEBUG_INFO = NO;
				MTL_FAST_MATH = YES;
				SDKROOT = macosx;
				SWIFT_COMPILATION_MODE = wholemodule;
				SWIFT_OPTIMIZATION_LEVEL = "-O";
			};
			name = Release;
		};
		9D7F9D1925B641F400A43ED5 /* Debug */ = {
			isa = XCBuildConfiguration;
			buildSettings = {
				CODE_SIGN_STYLE = Automatic;
				INFOPLIST_FILE = "$(SRCROOT)/tests/Info.plist";
				PRODUCT_NAME = "$(TARGET_NAME)";
				SWIFT_VERSION = 5.0;
			};
			name = Debug;
		};
		9D7F9D1A25B641F400A43ED5 /* Release */ = {
			isa = XCBuildConfiguration;
			buildSettings = {
				CODE_SIGN_STYLE = Automatic;
				INFOPLIST_FILE = "$(SRCROOT)/tests/Info.plist";
				PRODUCT_NAME = "$(TARGET_NAME)";
				SWIFT_VERSION = 5.0;
			};
			name = Release;
		};
		9D7F9D2625B646CE00A43ED5 /* Debug */ = {
			isa = XCBuildConfiguration;
			buildSettings = {
				CODE_SIGN_STYLE = Automatic;
				COMBINE_HIDPI_IMAGES = YES;
				INFOPLIST_FILE = tests/Info.plist;
				LD_RUNPATH_SEARCH_PATHS = (
					"$(inherited)",
					"@executable_path/../Frameworks",
					"@loader_path/../Frameworks",
				);
				PRODUCT_BUNDLE_IDENTIFIER = "juniusmu.money-hungry-tests";
				PRODUCT_NAME = "$(TARGET_NAME)";
				SWIFT_VERSION = 5.0;
			};
			name = Debug;
		};
		9D7F9D2725B646CE00A43ED5 /* Release */ = {
			isa = XCBuildConfiguration;
			buildSettings = {
				CODE_SIGN_STYLE = Automatic;
				COMBINE_HIDPI_IMAGES = YES;
				INFOPLIST_FILE = tests/Info.plist;
				LD_RUNPATH_SEARCH_PATHS = (
					"$(inherited)",
					"@executable_path/../Frameworks",
					"@loader_path/../Frameworks",
				);
				PRODUCT_BUNDLE_IDENTIFIER = "juniusmu.money-hungry-tests";
				PRODUCT_NAME = "$(TARGET_NAME)";
				SWIFT_VERSION = 5.0;
			};
			name = Release;
		};
/* End XCBuildConfiguration section */

/* Begin XCConfigurationList section */
		9D7F9D0C25B641F400A43ED5 /* Build configuration list for PBXProject "money-hungry" */ = {
			isa = XCConfigurationList;
			buildConfigurations = (
				9D7F9D1625B641F400A43ED5 /* Debug */,
				9D7F9D1725B641F400A43ED5 /* Release */,
			);
			defaultConfigurationIsVisible = 0;
			defaultConfigurationName = Release;
		};
		9D7F9D1825B641F400A43ED5 /* Build configuration list for PBXNativeTarget "money-hungry" */ = {
			isa = XCConfigurationList;
			buildConfigurations = (
				9D7F9D1925B641F400A43ED5 /* Debug */,
				9D7F9D1A25B641F400A43ED5 /* Release */,
			);
			defaultConfigurationIsVisible = 0;
			defaultConfigurationName = Release;
		};
		9D7F9D2525B646CE00A43ED5 /* Build configuration list for PBXNativeTarget "money-hungry-tests" */ = {
			isa = XCConfigurationList;
			buildConfigurations = (
				9D7F9D2625B646CE00A43ED5 /* Debug */,
				9D7F9D2725B646CE00A43ED5 /* Release */,
			);
			defaultConfigurationIsVisible = 0;
			defaultConfigurationName = Release;
		};
/* End XCConfigurationList section */
	};
	rootObject = 9D7F9D0925B641F400A43ED5 /* Project object */;
}
